
Microsoft Visual Studio Solution File, Format Version 12.00
# Visual Studio Version 17
VisualStudioVersion = 17.5.002.0
MinimumVisualStudioVersion = 10.0.40219.1
Project("{2150E333-8FDC-42A3-9474-1A3956D46DE8}") = "exercises", "exercises", "{1685F81F-EBE6-40A3-BB4B-5BE50A39FC02}"
EndProject
Project("{2150E333-8FDC-42A3-9474-1A3956D46DE8}") = "01-search-in-primary-memory", "01-search-in-primary-memory", "{D2973B41-7A13-49AC-B558-BE55A62AF0EF}"
EndProject
Project("{2150E333-8FDC-42A3-9474-1A3956D46DE8}") = "01-arrays", "01-arrays", "{F0948EA1-0116-4CA8-ABE8-145D77EB44F8}"
EndProject
Project("{9A19103F-16F7-4668-BE54-9A1E7A4F7556}") = "01-integer-array", "exercises\01-search-in-primary-memory\01-arrays\01-integer-array\01-integer-array.csproj", "{156EC8BF-8EC1-4A7E-8998-C29BC3A7BA00}"
EndProject
Global
	GlobalSection(SolutionConfigurationPlatforms) = preSolution
		Debug|Any CPU = Debug|Any CPU
		Release|Any CPU = Release|Any CPU
	EndGlobalSection
	GlobalSection(ProjectConfigurationPlatforms) = postSolution
		{156EC8BF-8EC1-4A7E-8998-C29BC3A7BA00}.Debug|Any CPU.ActiveCfg = Debug|Any CPU
		{156EC8BF-8EC1-4A7E-8998-C29BC3A7BA00}.Debug|Any CPU.Build.0 = Debug|Any CPU
		{156EC8BF-8EC1-4A7E-8998-C29BC3A7BA00}.Release|Any CPU.ActiveCfg = Release|Any CPU
		{156EC8BF-8EC1-4A7E-8998-C29BC3A7BA00}.Release|Any CPU.Build.0 = Release|Any CPU
	EndGlobalSection
	GlobalSection(SolutionProperties) = preSolution
		HideSolutionNode = FALSE
	EndGlobalSection
	GlobalSection(NestedProjects) = preSolution
		{D2973B41-7A13-49AC-B558-BE55A62AF0EF} = {1685F81F-EBE6-40A3-BB4B-5BE50A39FC02}
		{F0948EA1-0116-4CA8-ABE8-145D77EB44F8} = {D2973B41-7A13-49AC-B558-BE55A62AF0EF}
		{156EC8BF-8EC1-4A7E-8998-C29BC3A7BA00} = {F0948EA1-0116-4CA8-ABE8-145D77EB44F8}
	EndGlobalSection
	GlobalSection(ExtensibilityGlobals) = postSolution
		SolutionGuid = {460B495E-AE39-40A9-A720-3D3770771C55}
	EndGlobalSection
EndGlobal
